
Microsoft Visual Studio Solution File, Format Version 12.00
# Visual Studio Version 17
VisualStudioVersion = 17.5.33516.290
MinimumVisualStudioVersion = 10.0.40219.1
Project("{FAE04EC0-301F-11D3-BF4B-00C04F79EFBC}") = "CoD_Bot", "CoD_Bot.csproj", "{320F6845-DCE3-4227-A4A1-D359671F717F}"
EndProject
Global
	GlobalSection(SolutionConfigurationPlatforms) = preSolution
		Debug|Any CPU = Debug|Any CPU
		Release|Any CPU = Release|Any CPU
	EndGlobalSection
	GlobalSection(ProjectConfigurationPlatforms) = postSolution
		{320F6845-DCE3-4227-A4A1-D359671F717F}.Debug|Any CPU.ActiveCfg = Debug|Any CPU
		{320F6845-DCE3-4227-A4A1-D359671F717F}.Debug|Any CPU.Build.0 = Debug|Any CPU
		{320F6845-DCE3-4227-A4A1-D359671F717F}.Release|Any CPU.ActiveCfg = Release|Any CPU
		{320F6845-DCE3-4227-A4A1-D359671F717F}.Release|Any CPU.Build.0 = Release|Any CPU
	EndGlobalSection
	GlobalSection(SolutionProperties) = preSolution
		HideSolutionNode = FALSE
	EndGlobalSection
	GlobalSection(ExtensibilityGlobals) = postSolution
		SolutionGuid = {542513A9-2864-48C9-BCAF-7CE55E192D75}
	EndGlobalSection
EndGlobal
